// !$*UTF8*$!
{
	archiveVersion = 1;
	classes = {
	};
	objectVersion = 56;
	objects = {

/* Begin PBXBuildFile section */
		610623592C0BE61C003143C7 /* SocialCodingIosApp.swift in Sources */ = {isa = PBXBuildFile; fileRef = 610623582C0BE61C003143C7 /* SocialCodingIosApp.swift */; };
		6106235B2C0BE61C003143C7 /* ContentView.swift in Sources */ = {isa = PBXBuildFile; fileRef = 6106235A2C0BE61C003143C7 /* ContentView.swift */; };
		6106235D2C0BE620003143C7 /* Assets.xcassets in Resources */ = {isa = PBXBuildFile; fileRef = 6106235C2C0BE620003143C7 /* Assets.xcassets */; };
		610623602C0BE620003143C7 /* Preview Assets.xcassets in Resources */ = {isa = PBXBuildFile; fileRef = 6106235F2C0BE620003143C7 /* Preview Assets.xcassets */; };
		611FFAB72C51A3DD00D7DF09 /* SwiftSoup in Frameworks */ = {isa = PBXBuildFile; productRef = 611FFAB62C51A3DD00D7DF09 /* SwiftSoup */; };
		618E32762C0C0FE30060CA88 /* Home.swift in Sources */ = {isa = PBXBuildFile; fileRef = 618E32752C0C0FE30060CA88 /* Home.swift */; };
		618E32782C0C11E90060CA88 /* About.swift in Sources */ = {isa = PBXBuildFile; fileRef = 618E32772C0C11E90060CA88 /* About.swift */; };
		618E327A2C0C12510060CA88 /* Events.swift in Sources */ = {isa = PBXBuildFile; fileRef = 618E32792C0C12510060CA88 /* Events.swift */; };
		618E327C2C0C12610060CA88 /* Apps.swift in Sources */ = {isa = PBXBuildFile; fileRef = 618E327B2C0C12600060CA88 /* Apps.swift */; };
		618E327F2C0C12780060CA88 /* MavPitch.swift in Sources */ = {isa = PBXBuildFile; fileRef = 618E327E2C0C12780060CA88 /* MavPitch.swift */; };
/* End PBXBuildFile section */

/* Begin PBXFileReference section */
		610623552C0BE61C003143C7 /* SocialCodingIos.app */ = {isa = PBXFileReference; explicitFileType = wrapper.application; includeInIndex = 0; path = SocialCodingIos.app; sourceTree = BUILT_PRODUCTS_DIR; };
		610623582C0BE61C003143C7 /* SocialCodingIosApp.swift */ = {isa = PBXFileReference; lastKnownFileType = sourcecode.swift; path = SocialCodingIosApp.swift; sourceTree = "<group>"; };
		6106235A2C0BE61C003143C7 /* ContentView.swift */ = {isa = PBXFileReference; lastKnownFileType = sourcecode.swift; path = ContentView.swift; sourceTree = "<group>"; };
		6106235C2C0BE620003143C7 /* Assets.xcassets */ = {isa = PBXFileReference; lastKnownFileType = folder.assetcatalog; path = Assets.xcassets; sourceTree = "<group>"; };
		6106235F2C0BE620003143C7 /* Preview Assets.xcassets */ = {isa = PBXFileReference; lastKnownFileType = folder.assetcatalog; path = "Preview Assets.xcassets"; sourceTree = "<group>"; };
		618E32752C0C0FE30060CA88 /* Home.swift */ = {isa = PBXFileReference; lastKnownFileType = sourcecode.swift; path = Home.swift; sourceTree = "<group>"; };
		618E32772C0C11E90060CA88 /* About.swift */ = {isa = PBXFileReference; lastKnownFileType = sourcecode.swift; path = About.swift; sourceTree = "<group>"; };
		618E32792C0C12510060CA88 /* Events.swift */ = {isa = PBXFileReference; lastKnownFileType = sourcecode.swift; path = Events.swift; sourceTree = "<group>"; };
		618E327B2C0C12600060CA88 /* Apps.swift */ = {isa = PBXFileReference; lastKnownFileType = sourcecode.swift; path = Apps.swift; sourceTree = "<group>"; };
		618E327E2C0C12780060CA88 /* MavPitch.swift */ = {isa = PBXFileReference; lastKnownFileType = sourcecode.swift; path = MavPitch.swift; sourceTree = "<group>"; };
/* End PBXFileReference section */

/* Begin PBXFrameworksBuildPhase section */
		610623522C0BE61C003143C7 /* Frameworks */ = {
			isa = PBXFrameworksBuildPhase;
			buildActionMask = 2147483647;
			files = (
				611FFAB72C51A3DD00D7DF09 /* SwiftSoup in Frameworks */,
			);
			runOnlyForDeploymentPostprocessing = 0;
		};
/* End PBXFrameworksBuildPhase section */

/* Begin PBXGroup section */
		6106234C2C0BE61C003143C7 = {
			isa = PBXGroup;
			children = (
				610623572C0BE61C003143C7 /* SocialCodingIos */,
				610623562C0BE61C003143C7 /* Products */,
			);
			sourceTree = "<group>";
		};
		610623562C0BE61C003143C7 /* Products */ = {
			isa = PBXGroup;
			children = (
				610623552C0BE61C003143C7 /* SocialCodingIos.app */,
			);
			name = Products;
			sourceTree = "<group>";
		};
		610623572C0BE61C003143C7 /* SocialCodingIos */ = {
			isa = PBXGroup;
			children = (
				618E32742C0C0FC90060CA88 /* Screens */,
				610623582C0BE61C003143C7 /* SocialCodingIosApp.swift */,
				6106235A2C0BE61C003143C7 /* ContentView.swift */,
				6106235C2C0BE620003143C7 /* Assets.xcassets */,
				6106235E2C0BE620003143C7 /* Preview Content */,
			);
			path = SocialCodingIos;
			sourceTree = "<group>";
		};
		6106235E2C0BE620003143C7 /* Preview Content */ = {
			isa = PBXGroup;
			children = (
				6106235F2C0BE620003143C7 /* Preview Assets.xcassets */,
			);
			path = "Preview Content";
			sourceTree = "<group>";
		};
		618E32742C0C0FC90060CA88 /* Screens */ = {
			isa = PBXGroup;
			children = (
				618E327D2C0C12640060CA88 /* UserApps */,
				618E32752C0C0FE30060CA88 /* Home.swift */,
				618E32772C0C11E90060CA88 /* About.swift */,
				618E32792C0C12510060CA88 /* Events.swift */,
				618E327B2C0C12600060CA88 /* Apps.swift */,
				618E327E2C0C12780060CA88 /* MavPitch.swift */,
			);
			path = Screens;
			sourceTree = "<group>";
		};
		618E327D2C0C12640060CA88 /* UserApps */ = {
			isa = PBXGroup;
			children = (
			);
			path = UserApps;
			sourceTree = "<group>";
		};
/* End PBXGroup section */

/* Begin PBXNativeTarget section */
		610623542C0BE61C003143C7 /* SocialCodingIos */ = {
			isa = PBXNativeTarget;
			buildConfigurationList = 610623632C0BE620003143C7 /* Build configuration list for PBXNativeTarget "SocialCodingIos" */;
			buildPhases = (
				610623512C0BE61C003143C7 /* Sources */,
				610623522C0BE61C003143C7 /* Frameworks */,
				610623532C0BE61C003143C7 /* Resources */,
			);
			buildRules = (
			);
			dependencies = (
			);
			name = SocialCodingIos;
			packageProductDependencies = (
				611FFAB62C51A3DD00D7DF09 /* SwiftSoup */,
			);
			productName = SocialCodingIos;
			productReference = 610623552C0BE61C003143C7 /* SocialCodingIos.app */;
			productType = "com.apple.product-type.application";
		};
/* End PBXNativeTarget section */

/* Begin PBXProject section */
		6106234D2C0BE61C003143C7 /* Project object */ = {
			isa = PBXProject;
			attributes = {
				BuildIndependentTargetsInParallel = 1;
				LastSwiftUpdateCheck = 1500;
				LastUpgradeCheck = 1500;
				TargetAttributes = {
					610623542C0BE61C003143C7 = {
						CreatedOnToolsVersion = 15.0;
					};
				};
			};
			buildConfigurationList = 610623502C0BE61C003143C7 /* Build configuration list for PBXProject "SocialCodingIos" */;
			compatibilityVersion = "Xcode 14.0";
			developmentRegion = en;
			hasScannedForEncodings = 0;
			knownRegions = (
				en,
				Base,
			);
			mainGroup = 6106234C2C0BE61C003143C7;
			packageReferences = (
				611FFAB52C51A3DD00D7DF09 /* XCRemoteSwiftPackageReference "SwiftSoup" */,
			);
			productRefGroup = 610623562C0BE61C003143C7 /* Products */;
			projectDirPath = "";
			projectRoot = "";
			targets = (
				610623542C0BE61C003143C7 /* SocialCodingIos */,
			);
		};
/* End PBXProject section */

/* Begin PBXResourcesBuildPhase section */
		610623532C0BE61C003143C7 /* Resources */ = {
			isa = PBXResourcesBuildPhase;
			buildActionMask = 2147483647;
			files = (
				610623602C0BE620003143C7 /* Preview Assets.xcassets in Resources */,
				6106235D2C0BE620003143C7 /* Assets.xcassets in Resources */,
			);
			runOnlyForDeploymentPostprocessing = 0;
		};
/* End PBXResourcesBuildPhase section */

/* Begin PBXSourcesBuildPhase section */
		610623512C0BE61C003143C7 /* Sources */ = {
			isa = PBXSourcesBuildPhase;
			buildActionMask = 2147483647;
			files = (
				6106235B2C0BE61C003143C7 /* ContentView.swift in Sources */,
				618E32782C0C11E90060CA88 /* About.swift in Sources */,
				618E32762C0C0FE30060CA88 /* Home.swift in Sources */,
				618E327C2C0C12610060CA88 /* Apps.swift in Sources */,
				610623592C0BE61C003143C7 /* SocialCodingIosApp.swift in Sources */,
				618E327F2C0C12780060CA88 /* MavPitch.swift in Sources */,
				618E327A2C0C12510060CA88 /* Events.swift in Sources */,
			);
			runOnlyForDeploymentPostprocessing = 0;
		};
/* End PBXSourcesBuildPhase section */

/* Begin XCBuildConfiguration section */
		610623612C0BE620003143C7 /* Debug */ = {
			isa = XCBuildConfiguration;
			buildSettings = {
				ALWAYS_SEARCH_USER_PATHS = NO;
				ASSETCATALOG_COMPILER_GENERATE_SWIFT_ASSET_SYMBOL_EXTENSIONS = YES;
				CLANG_ANALYZER_NONNULL = YES;
				CLANG_ANALYZER_NUMBER_OBJECT_CONVERSION = YES_AGGRESSIVE;
				CLANG_CXX_LANGUAGE_STANDARD = "gnu++20";
				CLANG_ENABLE_MODULES = YES;
				CLANG_ENABLE_OBJC_ARC = YES;
				CLANG_ENABLE_OBJC_WEAK = YES;
				CLANG_WARN_BLOCK_CAPTURE_AUTORELEASING = YES;
				CLANG_WARN_BOOL_CONVERSION = YES;
				CLANG_WARN_COMMA = YES;
				CLANG_WARN_CONSTANT_CONVERSION = YES;
				CLANG_WARN_DEPRECATED_OBJC_IMPLEMENTATIONS = YES;
				CLANG_WARN_DIRECT_OBJC_ISA_USAGE = YES_ERROR;
				CLANG_WARN_DOCUMENTATION_COMMENTS = YES;
				CLANG_WARN_EMPTY_BODY = YES;
				CLANG_WARN_ENUM_CONVERSION = YES;
				CLANG_WARN_INFINITE_RECURSION = YES;
				CLANG_WARN_INT_CONVERSION = YES;
				CLANG_WARN_NON_LITERAL_NULL_CONVERSION = YES;
				CLANG_WARN_OBJC_IMPLICIT_RETAIN_SELF = YES;
				CLANG_WARN_OBJC_LITERAL_CONVERSION = YES;
				CLANG_WARN_OBJC_ROOT_CLASS = YES_ERROR;
				CLANG_WARN_QUOTED_INCLUDE_IN_FRAMEWORK_HEADER = YES;
				CLANG_WARN_RANGE_LOOP_ANALYSIS = YES;
				CLANG_WARN_STRICT_PROTOTYPES = YES;
				CLANG_WARN_SUSPICIOUS_MOVE = YES;
				CLANG_WARN_UNGUARDED_AVAILABILITY = YES_AGGRESSIVE;
				CLANG_WARN_UNREACHABLE_CODE = YES;
				CLANG_WARN__DUPLICATE_METHOD_MATCH = YES;
				COPY_PHASE_STRIP = NO;
				DEBUG_INFORMATION_FORMAT = dwarf;
				ENABLE_STRICT_OBJC_MSGSEND = YES;
				ENABLE_TESTABILITY = YES;
				ENABLE_USER_SCRIPT_SANDBOXING = YES;
				GCC_C_LANGUAGE_STANDARD = gnu17;
				GCC_DYNAMIC_NO_PIC = NO;
				GCC_NO_COMMON_BLOCKS = YES;
				GCC_OPTIMIZATION_LEVEL = 0;
				GCC_PREPROCESSOR_DEFINITIONS = (
					"DEBUG=1",
					"$(inherited)",
				);
				GCC_WARN_64_TO_32_BIT_CONVERSION = YES;
				GCC_WARN_ABOUT_RETURN_TYPE = YES_ERROR;
				GCC_WARN_UNDECLARED_SELECTOR = YES;
				GCC_WARN_UNINITIALIZED_AUTOS = YES_AGGRESSIVE;
				GCC_WARN_UNUSED_FUNCTION = YES;
				GCC_WARN_UNUSED_VARIABLE = YES;
				IPHONEOS_DEPLOYMENT_TARGET = 17.0;
				LOCALIZATION_PREFERS_STRING_CATALOGS = YES;
				MTL_ENABLE_DEBUG_INFO = INCLUDE_SOURCE;
				MTL_FAST_MATH = YES;
				ONLY_ACTIVE_ARCH = YES;
				SDKROOT = iphoneos;
				SWIFT_ACTIVE_COMPILATION_CONDITIONS = "DEBUG $(inherited)";
				SWIFT_OPTIMIZATION_LEVEL = "-Onone";
			};
			name = Debug;
		};
		610623622C0BE620003143C7 /* Release */ = {
			isa = XCBuildConfiguration;
			buildSettings = {
				ALWAYS_SEARCH_USER_PATHS = NO;
				ASSETCATALOG_COMPILER_GENERATE_SWIFT_ASSET_SYMBOL_EXTENSIONS = YES;
				CLANG_ANALYZER_NONNULL = YES;
				CLANG_ANALYZER_NUMBER_OBJECT_CONVERSION = YES_AGGRESSIVE;
				CLANG_CXX_LANGUAGE_STANDARD = "gnu++20";
				CLANG_ENABLE_MODULES = YES;
				CLANG_ENABLE_OBJC_ARC = YES;
				CLANG_ENABLE_OBJC_WEAK = YES;
				CLANG_WARN_BLOCK_CAPTURE_AUTORELEASING = YES;
				CLANG_WARN_BOOL_CONVERSION = YES;
				CLANG_WARN_COMMA = YES;
				CLANG_WARN_CONSTANT_CONVERSION = YES;
				CLANG_WARN_DEPRECATED_OBJC_IMPLEMENTATIONS = YES;
				CLANG_WARN_DIRECT_OBJC_ISA_USAGE = YES_ERROR;
				CLANG_WARN_DOCUMENTATION_COMMENTS = YES;
				CLANG_WARN_EMPTY_BODY = YES;
				CLANG_WARN_ENUM_CONVERSION = YES;
				CLANG_WARN_INFINITE_RECURSION = YES;
				CLANG_WARN_INT_CONVERSION = YES;
				CLANG_WARN_NON_LITERAL_NULL_CONVERSION = YES;
				CLANG_WARN_OBJC_IMPLICIT_RETAIN_SELF = YES;
				CLANG_WARN_OBJC_LITERAL_CONVERSION = YES;
				CLANG_WARN_OBJC_ROOT_CLASS = YES_ERROR;
				CLANG_WARN_QUOTED_INCLUDE_IN_FRAMEWORK_HEADER = YES;
				CLANG_WARN_RANGE_LOOP_ANALYSIS = YES;
				CLANG_WARN_STRICT_PROTOTYPES = YES;
				CLANG_WARN_SUSPICIOUS_MOVE = YES;
				CLANG_WARN_UNGUARDED_AVAILABILITY = YES_AGGRESSIVE;
				CLANG_WARN_UNREACHABLE_CODE = YES;
				CLANG_WARN__DUPLICATE_METHOD_MATCH = YES;
				COPY_PHASE_STRIP = NO;
				DEBUG_INFORMATION_FORMAT = "dwarf-with-dsym";
				ENABLE_NS_ASSERTIONS = NO;
				ENABLE_STRICT_OBJC_MSGSEND = YES;
				ENABLE_USER_SCRIPT_SANDBOXING = YES;
				GCC_C_LANGUAGE_STANDARD = gnu17;
				GCC_NO_COMMON_BLOCKS = YES;
				GCC_WARN_64_TO_32_BIT_CONVERSION = YES;
				GCC_WARN_ABOUT_RETURN_TYPE = YES_ERROR;
				GCC_WARN_UNDECLARED_SELECTOR = YES;
				GCC_WARN_UNINITIALIZED_AUTOS = YES_AGGRESSIVE;
				GCC_WARN_UNUSED_FUNCTION = YES;
				GCC_WARN_UNUSED_VARIABLE = YES;
				IPHONEOS_DEPLOYMENT_TARGET = 17.0;
				LOCALIZATION_PREFERS_STRING_CATALOGS = YES;
				MTL_ENABLE_DEBUG_INFO = NO;
				MTL_FAST_MATH = YES;
				SDKROOT = iphoneos;
				SWIFT_COMPILATION_MODE = wholemodule;
				VALIDATE_PRODUCT = YES;
			};
			name = Release;
		};
		610623642C0BE620003143C7 /* Debug */ = {
			isa = XCBuildConfiguration;
			buildSettings = {
				ASSETCATALOG_COMPILER_APPICON_NAME = AppIcon;
				ASSETCATALOG_COMPILER_GLOBAL_ACCENT_COLOR_NAME = AccentColor;
				CODE_SIGN_IDENTITY = "Apple Development";
				CODE_SIGN_STYLE = Automatic;
				CURRENT_PROJECT_VERSION = 1;
				DEVELOPMENT_ASSET_PATHS = "\"SocialCodingIos/Preview Content\"";
				DEVELOPMENT_TEAM = G36CP77H29;
				ENABLE_PREVIEWS = YES;
				GENERATE_INFOPLIST_FILE = YES;
				INFOPLIST_KEY_UIApplicationSceneManifest_Generation = YES;
				INFOPLIST_KEY_UIApplicationSupportsIndirectInputEvents = YES;
				INFOPLIST_KEY_UILaunchScreen_Generation = YES;
				INFOPLIST_KEY_UISupportedInterfaceOrientations_iPad = "UIInterfaceOrientationPortrait UIInterfaceOrientationPortraitUpsideDown UIInterfaceOrientationLandscapeLeft UIInterfaceOrientationLandscapeRight";
				INFOPLIST_KEY_UISupportedInterfaceOrientations_iPhone = "UIInterfaceOrientationPortrait UIInterfaceOrientationLandscapeLeft UIInterfaceOrientationLandscapeRight";
				LD_RUNPATH_SEARCH_PATHS = (
					"$(inherited)",
					"@executable_path/Frameworks",
				);
				MARKETING_VERSION = 1.0;
				PRODUCT_BUNDLE_IDENTIFIER = bay.SocialCodingIos;
				PRODUCT_NAME = "$(TARGET_NAME)";
				PROVISIONING_PROFILE_SPECIFIER = "";
				SWIFT_EMIT_LOC_STRINGS = YES;
				SWIFT_VERSION = 5.0;
				TARGETED_DEVICE_FAMILY = "1,2";
			};
			name = Debug;
		};
		610623652C0BE620003143C7 /* Release */ = {
			isa = XCBuildConfiguration;
			buildSettings = {
				ASSETCATALOG_COMPILER_APPICON_NAME = AppIcon;
				ASSETCATALOG_COMPILER_GLOBAL_ACCENT_COLOR_NAME = AccentColor;
				CODE_SIGN_IDENTITY = "Apple Development";
				CODE_SIGN_STYLE = Automatic;
				CURRENT_PROJECT_VERSION = 1;
				DEVELOPMENT_ASSET_PATHS = "\"SocialCodingIos/Preview Content\"";
				DEVELOPMENT_TEAM = G36CP77H29;
				ENABLE_PREVIEWS = YES;
				GENERATE_INFOPLIST_FILE = YES;
				INFOPLIST_KEY_UIApplicationSceneManifest_Generation = YES;
				INFOPLIST_KEY_UIApplicationSupportsIndirectInputEvents = YES;
				INFOPLIST_KEY_UILaunchScreen_Generation = YES;
				INFOPLIST_KEY_UISupportedInterfaceOrientations_iPad = "UIInterfaceOrientationPortrait UIInterfaceOrientationPortraitUpsideDown UIInterfaceOrientationLandscapeLeft UIInterfaceOrientationLandscapeRight";
				INFOPLIST_KEY_UISupportedInterfaceOrientations_iPhone = "UIInterfaceOrientationPortrait UIInterfaceOrientationLandscapeLeft UIInterfaceOrientationLandscapeRight";
				LD_RUNPATH_SEARCH_PATHS = (
					"$(inherited)",
					"@executable_path/Frameworks",
				);
				MARKETING_VERSION = 1.0;
				PRODUCT_BUNDLE_IDENTIFIER = bay.SocialCodingIos;
				PRODUCT_NAME = "$(TARGET_NAME)";
				PROVISIONING_PROFILE_SPECIFIER = "";
				SWIFT_EMIT_LOC_STRINGS = YES;
				SWIFT_VERSION = 5.0;
				TARGETED_DEVICE_FAMILY = "1,2";
			};
			name = Release;
		};
/* End XCBuildConfiguration section */

/* Begin XCConfigurationList section */
		610623502C0BE61C003143C7 /* Build configuration list for PBXProject "SocialCodingIos" */ = {
			isa = XCConfigurationList;
			buildConfigurations = (
				610623612C0BE620003143C7 /* Debug */,
				610623622C0BE620003143C7 /* Release */,
			);
			defaultConfigurationIsVisible = 0;
			defaultConfigurationName = Release;
		};
		610623632C0BE620003143C7 /* Build configuration list for PBXNativeTarget "SocialCodingIos" */ = {
			isa = XCConfigurationList;
			buildConfigurations = (
				610623642C0BE620003143C7 /* Debug */,
				610623652C0BE620003143C7 /* Release */,
			);
			defaultConfigurationIsVisible = 0;
			defaultConfigurationName = Release;
		};
/* End XCConfigurationList section */

/* Begin XCRemoteSwiftPackageReference section */
		611FFAB52C51A3DD00D7DF09 /* XCRemoteSwiftPackageReference "SwiftSoup" */ = {
			isa = XCRemoteSwiftPackageReference;
			repositoryURL = "https://github.com/scinfu/SwiftSoup.git";
			requirement = {
				kind = upToNextMajorVersion;
				minimumVersion = 2.7.2;
			};
		};
/* End XCRemoteSwiftPackageReference section */

/* Begin XCSwiftPackageProductDependency section */
		611FFAB62C51A3DD00D7DF09 /* SwiftSoup */ = {
			isa = XCSwiftPackageProductDependency;
			package = 611FFAB52C51A3DD00D7DF09 /* XCRemoteSwiftPackageReference "SwiftSoup" */;
			productName = SwiftSoup;
		};
/* End XCSwiftPackageProductDependency section */
	};
	rootObject = 6106234D2C0BE61C003143C7 /* Project object */;
}
